
Microsoft Visual Studio Solution File, Format Version 12.00
# Visual Studio Version 17
VisualStudioVersion = 17.14.37628.2 d17.14
MinimumVisualStudioVersion = 10.0.40219.1
Project("{FAE04EC0-301F-11D3-BF4B-00C04F79EFBC}") = "PointOfSale(POS_Inventory_System_DataLayer", "PointOfSale(POS_Inventory_System_DataLayer\PointOfSale(POS_Inventory_System_DataLayer.csproj", "{F8E0858E-B663-4F8C-AF6D-3AE268698E30}"
EndProject
Project("{FAE04EC0-301F-11D3-BF4B-00C04F79EFBC}") = "PointOfSale(POS_Inventory_System_BusinessLayer", "PointOfSale(POS_Inventory_System_BusinessLayer\PointOfSale(POS_Inventory_System_BusinessLayer.csproj", "{D639C471-5A13-4941-8AA9-C2463095203A}"
EndProject
Project("{FAE04EC0-301F-11D3-BF4B-00C04F79EFBC}") = "PointOfSale(POS)_Inventory_System_PresentationLayer", "PointOfSale(POS)_Inventory_System_PresentationLayer\PointOfSale(POS)_Inventory_System_PresentationLayer.csproj", "{BDD085A1-F44A-4E49-9535-335AFC4DF849}"
EndProject
Global
	GlobalSection(SolutionConfigurationPlatforms) = preSolution
		Debug|Any CPU = Debug|Any CPU
		Release|Any CPU = Release|Any CPU
	EndGlobalSection
	GlobalSection(ProjectConfigurationPlatforms) = postSolution
		{F8E0858E-B663-4F8C-AF6D-3AE268698E30}.Debug|Any CPU.ActiveCfg = Debug|Any CPU
		{F8E0858E-B663-4F8C-AF6D-3AE268698E30}.Debug|Any CPU.Build.0 = Debug|Any CPU
		{F8E0858E-B663-4F8C-AF6D-3AE268698E30}.Release|Any CPU.ActiveCfg = Release|Any CPU
		{F8E0858E-B663-4F8C-AF6D-3AE268698E30}.Release|Any CPU.Build.0 = Release|Any CPU
		{D639C471-5A13-4941-8AA9-C2463095203A}.Debug|Any CPU.ActiveCfg = Debug|Any CPU
		{D639C471-5A13-4941-8AA9-C2463095203A}.Debug|Any CPU.Build.0 = Debug|Any CPU
		{D639C471-5A13-4941-8AA9-C2463095203A}.Release|Any CPU.ActiveCfg = Release|Any CPU
		{D639C471-5A13-4941-8AA9-C2463095203A}.Release|Any CPU.Build.0 = Release|Any CPU
		{BDD085A1-F44A-4E49-9535-335AFC4DF849}.Debug|Any CPU.ActiveCfg = Debug|Any CPU
		{BDD085A1-F44A-4E49-9535-335AFC4DF849}.Debug|Any CPU.Build.0 = Debug|Any CPU
		{BDD085A1-F44A-4E49-9535-335AFC4DF849}.Release|Any CPU.ActiveCfg = Release|Any CPU
		{BDD085A1-F44A-4E49-9535-335AFC4DF849}.Release|Any CPU.Build.0 = Release|Any CPU
	EndGlobalSection
	GlobalSection(SolutionProperties) = preSolution
		HideSolutionNode = FALSE
	EndGlobalSection
	GlobalSection(ExtensibilityGlobals) = postSolution
		SolutionGuid = {F05A721E-EFD7-4F59-9E03-84E58708FB27}
	EndGlobalSection
EndGlobal
